
Microsoft Visual Studio Solution File, Format Version 12.00
# Visual Studio Version 17
VisualStudioVersion = 17.7.34031.279
MinimumVisualStudioVersion = 10.0.40219.1
Project("{9A19103F-16F7-4668-BE54-9A1E7A4F7556}") = "Purchase.Domain", "src\Services\PurchaseService\Core\Purchase.Domain\Purchase.Domain.csproj", "{40F853BF-3DB6-4DB9-8828-D6987EDED4BF}"
EndProject
Project("{9A19103F-16F7-4668-BE54-9A1E7A4F7556}") = "Purchase.Application", "src\Services\PurchaseService\Core\Purchase.Application\Purchase.Application.csproj", "{0E20D078-B3BA-4F27-85C6-723E219431E8}"
EndProject
Project("{9A19103F-16F7-4668-BE54-9A1E7A4F7556}") = "Purchase.Persistence", "src\Services\PurchaseService\Infrastructure\Purchase.Persistence\Purchase.Persistence.csproj", "{48348B6E-583A-4ED6-B8E5-14137DFD0B24}"
EndProject
Project("{9A19103F-16F7-4668-BE54-9A1E7A4F7556}") = "PurchaseServiceAPI", "src\Services\PurchaseService\Presentation\PurchaseServiceAPI\PurchaseServiceAPI.csproj", "{FA059D9E-606E-4DB9-9DEA-A69D2AF5DCCB}"
EndProject
Project("{FAE04EC0-301F-11D3-BF4B-00C04F79EFBC}") = "IdentityServiceAPI", "src\Services\IdentityService\IdentityServiceAPI\IdentityServiceAPI.csproj", "{3A63B3FE-3DBC-4B22-A672-FB95DD17D5CA}"
EndProject
Project("{FAE04EC0-301F-11D3-BF4B-00C04F79EFBC}") = "TicketServiceAPI", "src\Services\TicketService\TicketServiceAPI\TicketServiceAPI.csproj", "{3837BE53-7D94-47ED-A99A-0AA4308F0175}"
EndProject
Global
	GlobalSection(SolutionConfigurationPlatforms) = preSolution
		Debug|Any CPU = Debug|Any CPU
		Release|Any CPU = Release|Any CPU
	EndGlobalSection
	GlobalSection(ProjectConfigurationPlatforms) = postSolution
		{40F853BF-3DB6-4DB9-8828-D6987EDED4BF}.Debug|Any CPU.ActiveCfg = Debug|Any CPU
		{40F853BF-3DB6-4DB9-8828-D6987EDED4BF}.Debug|Any CPU.Build.0 = Debug|Any CPU
		{40F853BF-3DB6-4DB9-8828-D6987EDED4BF}.Release|Any CPU.ActiveCfg = Release|Any CPU
		{40F853BF-3DB6-4DB9-8828-D6987EDED4BF}.Release|Any CPU.Build.0 = Release|Any CPU
		{0E20D078-B3BA-4F27-85C6-723E219431E8}.Debug|Any CPU.ActiveCfg = Debug|Any CPU
		{0E20D078-B3BA-4F27-85C6-723E219431E8}.Debug|Any CPU.Build.0 = Debug|Any CPU
		{0E20D078-B3BA-4F27-85C6-723E219431E8}.Release|Any CPU.ActiveCfg = Release|Any CPU
		{0E20D078-B3BA-4F27-85C6-723E219431E8}.Release|Any CPU.Build.0 = Release|Any CPU
		{48348B6E-583A-4ED6-B8E5-14137DFD0B24}.Debug|Any CPU.ActiveCfg = Debug|Any CPU
		{48348B6E-583A-4ED6-B8E5-14137DFD0B24}.Debug|Any CPU.Build.0 = Debug|Any CPU
		{48348B6E-583A-4ED6-B8E5-14137DFD0B24}.Release|Any CPU.ActiveCfg = Release|Any CPU
		{48348B6E-583A-4ED6-B8E5-14137DFD0B24}.Release|Any CPU.Build.0 = Release|Any CPU
		{FA059D9E-606E-4DB9-9DEA-A69D2AF5DCCB}.Debug|Any CPU.ActiveCfg = Debug|Any CPU
		{FA059D9E-606E-4DB9-9DEA-A69D2AF5DCCB}.Debug|Any CPU.Build.0 = Debug|Any CPU
		{FA059D9E-606E-4DB9-9DEA-A69D2AF5DCCB}.Release|Any CPU.ActiveCfg = Release|Any CPU
		{FA059D9E-606E-4DB9-9DEA-A69D2AF5DCCB}.Release|Any CPU.Build.0 = Release|Any CPU
		{3A63B3FE-3DBC-4B22-A672-FB95DD17D5CA}.Debug|Any CPU.ActiveCfg = Debug|Any CPU
		{3A63B3FE-3DBC-4B22-A672-FB95DD17D5CA}.Debug|Any CPU.Build.0 = Debug|Any CPU
		{3A63B3FE-3DBC-4B22-A672-FB95DD17D5CA}.Release|Any CPU.ActiveCfg = Release|Any CPU
		{3A63B3FE-3DBC-4B22-A672-FB95DD17D5CA}.Release|Any CPU.Build.0 = Release|Any CPU
		{3837BE53-7D94-47ED-A99A-0AA4308F0175}.Debug|Any CPU.ActiveCfg = Debug|Any CPU
		{3837BE53-7D94-47ED-A99A-0AA4308F0175}.Debug|Any CPU.Build.0 = Debug|Any CPU
		{3837BE53-7D94-47ED-A99A-0AA4308F0175}.Release|Any CPU.ActiveCfg = Release|Any CPU
		{3837BE53-7D94-47ED-A99A-0AA4308F0175}.Release|Any CPU.Build.0 = Release|Any CPU
	EndGlobalSection
	GlobalSection(SolutionProperties) = preSolution
		HideSolutionNode = FALSE
	EndGlobalSection
	GlobalSection(ExtensibilityGlobals) = postSolution
		SolutionGuid = {2C7C54C9-7905-46D5-834E-6869468E42E2}
	EndGlobalSection
EndGlobal
